// !$*UTF8*$!
{
	archiveVersion = 1;
	classes = {
	};
	objectVersion = 48;
	objects = {

/* Begin PBXBuildFile section */
		05671A7C222CF472003E5A60 /* documents.xcassets in Resources */ = {isa = PBXBuildFile; fileRef = 05671A7B222CF472003E5A60 /* documents.xcassets */; };
		056B2F89222CDAC5000F8CA5 /* AppDelegate.swift in Sources */ = {isa = PBXBuildFile; fileRef = 056B2F88222CDAC5000F8CA5 /* AppDelegate.swift */; };
		056B2F8B222CDAC5000F8CA5 /* ViewController.swift in Sources */ = {isa = PBXBuildFile; fileRef = 056B2F8A222CDAC5000F8CA5 /* ViewController.swift */; };
		056B2F90222CDAC5000F8CA5 /* Assets.xcassets in Resources */ = {isa = PBXBuildFile; fileRef = 056B2F8F222CDAC5000F8CA5 /* Assets.xcassets */; };
		056B2F93222CDAC5000F8CA5 /* LaunchScreen.storyboard in Resources */ = {isa = PBXBuildFile; fileRef = 056B2F91222CDAC5000F8CA5 /* LaunchScreen.storyboard */; };
		056B2F98222CDAC6000F8CA5 /* APIDemo WatchKit App.app in Embed Watch Content */ = {isa = PBXBuildFile; fileRef = 056B2F97222CDAC6000F8CA5 /* APIDemo WatchKit App.app */; };
		056B2F9E222CDAC6000F8CA5 /* Interface.storyboard in Resources */ = {isa = PBXBuildFile; fileRef = 056B2F9C222CDAC6000F8CA5 /* Interface.storyboard */; };
		056B2FA0222CDAC6000F8CA5 /* Assets.xcassets in Resources */ = {isa = PBXBuildFile; fileRef = 056B2F9F222CDAC6000F8CA5 /* Assets.xcassets */; };
		056B2FA7222CDAC6000F8CA5 /* APIDemo WatchKit Extension.appex in Embed App Extensions */ = {isa = PBXBuildFile; fileRef = 056B2FA6222CDAC6000F8CA5 /* APIDemo WatchKit Extension.appex */; settings = {ATTRIBUTES = (RemoveHeadersOnCopy, ); }; };
		056B2FAC222CDAC6000F8CA5 /* InterfaceController.swift in Sources */ = {isa = PBXBuildFile; fileRef = 056B2FAB222CDAC6000F8CA5 /* InterfaceController.swift */; };
		056B2FAE222CDAC6000F8CA5 /* ExtensionDelegate.swift in Sources */ = {isa = PBXBuildFile; fileRef = 056B2FAD222CDAC6000F8CA5 /* ExtensionDelegate.swift */; };
		056B2FB0222CDAC6000F8CA5 /* Assets.xcassets in Resources */ = {isa = PBXBuildFile; fileRef = 056B2FAF222CDAC6000F8CA5 /* Assets.xcassets */; };
		0582B135222CF7C8008A464A /* Main.storyboard in Resources */ = {isa = PBXBuildFile; fileRef = 0582B133222CF7C8008A464A /* Main.storyboard */; };
		1F12F189A34266575808861E /* Pods_APIDemo.framework in Frameworks */ = {isa = PBXBuildFile; fileRef = 31F1FF7CBE316F7AE208B02B /* Pods_APIDemo.framework */; };
		9B3F5DBE22C3B0BF00032471 /* RowController.swift in Sources */ = {isa = PBXBuildFile; fileRef = 9B3F5DBD22C3B0BF00032471 /* RowController.swift */; };
		9B3F5DC022C3B1E400032471 /* Page1InterfaceController.swift in Sources */ = {isa = PBXBuildFile; fileRef = 9B3F5DBF22C3B1E400032471 /* Page1InterfaceController.swift */; };
		DA33CDBC608D164A5668A8A4 /* Pods_APIDemo_WatchKit_Extension.framework in Frameworks */ = {isa = PBXBuildFile; fileRef = D13E593EABBE85ED535B3C03 /* Pods_APIDemo_WatchKit_Extension.framework */; };
		EC9F5B15CA534826A1BD9BF2 /* Pods_APIDemo_WatchKit_App.framework in Frameworks */ = {isa = PBXBuildFile; fileRef = 2451FB6B7F95ACBA4988802C /* Pods_APIDemo_WatchKit_App.framework */; };
/* End PBXBuildFile section */

/* Begin PBXContainerItemProxy section */
		056B2F99222CDAC6000F8CA5 /* PBXContainerItemProxy */ = {
			isa = PBXContainerItemProxy;
			containerPortal = 056B2F7D222CDAC5000F8CA5 /* Project object */;
			proxyType = 1;
			remoteGlobalIDString = 056B2F96222CDAC6000F8CA5;
			remoteInfo = "APIDemo WatchKit App";
		};
		056B2FA8222CDAC6000F8CA5 /* PBXContainerItemProxy */ = {
			isa = PBXContainerItemProxy;
			containerPortal = 056B2F7D222CDAC5000F8CA5 /* Project object */;
			proxyType = 1;
			remoteGlobalIDString = 056B2FA5222CDAC6000F8CA5;
			remoteInfo = "APIDemo WatchKit Extension";
		};
/* End PBXContainerItemProxy section */

/* Begin PBXCopyFilesBuildPhase section */
		056B2FB7222CDAC6000F8CA5 /* Embed App Extensions */ = {
			isa = PBXCopyFilesBuildPhase;
			buildActionMask = 2147483647;
			dstPath = "";
			dstSubfolderSpec = 13;
			files = (
				056B2FA7222CDAC6000F8CA5 /* APIDemo WatchKit Extension.appex in Embed App Extensions */,
			);
			name = "Embed App Extensions";
			runOnlyForDeploymentPostprocessing = 0;
		};
		056B2FBB222CDAC6000F8CA5 /* Embed Watch Content */ = {
			isa = PBXCopyFilesBuildPhase;
			buildActionMask = 2147483647;
			dstPath = "$(CONTENTS_FOLDER_PATH)/Watch";
			dstSubfolderSpec = 16;
			files = (
				056B2F98222CDAC6000F8CA5 /* APIDemo WatchKit App.app in Embed Watch Content */,
			);
			name = "Embed Watch Content";
			runOnlyForDeploymentPostprocessing = 0;
		};
/* End PBXCopyFilesBuildPhase section */

/* Begin PBXFileReference section */
		05671A7B222CF472003E5A60 /* documents.xcassets */ = {isa = PBXFileReference; lastKnownFileType = folder.assetcatalog; path = documents.xcassets; sourceTree = "<group>"; };
		056B2F85222CDAC5000F8CA5 /* APIDemo.app */ = {isa = PBXFileReference; explicitFileType = wrapper.application; includeInIndex = 0; path = APIDemo.app; sourceTree = BUILT_PRODUCTS_DIR; };
		056B2F88222CDAC5000F8CA5 /* AppDelegate.swift */ = {isa = PBXFileReference; lastKnownFileType = sourcecode.swift; path = AppDelegate.swift; sourceTree = "<group>"; };
		056B2F8A222CDAC5000F8CA5 /* ViewController.swift */ = {isa = PBXFileReference; lastKnownFileType = sourcecode.swift; path = ViewController.swift; sourceTree = "<group>"; };
		056B2F8F222CDAC5000F8CA5 /* Assets.xcassets */ = {isa = PBXFileReference; lastKnownFileType = folder.assetcatalog; path = Assets.xcassets; sourceTree = "<group>"; };
		056B2F92222CDAC5000F8CA5 /* Base */ = {isa = PBXFileReference; lastKnownFileType = file.storyboard; name = Base; path = Base.lproj/LaunchScreen.storyboard; sourceTree = "<group>"; };
		056B2F94222CDAC5000F8CA5 /* Info.plist */ = {isa = PBXFileReference; lastKnownFileType = text.plist.xml; path = Info.plist; sourceTree = "<group>"; };
		056B2F97222CDAC6000F8CA5 /* APIDemo WatchKit App.app */ = {isa = PBXFileReference; explicitFileType = wrapper.application; includeInIndex = 0; path = "APIDemo WatchKit App.app"; sourceTree = BUILT_PRODUCTS_DIR; };
		056B2F9D222CDAC6000F8CA5 /* Base */ = {isa = PBXFileReference; lastKnownFileType = file.storyboard; name = Base; path = Base.lproj/Interface.storyboard; sourceTree = "<group>"; };
		056B2F9F222CDAC6000F8CA5 /* Assets.xcassets */ = {isa = PBXFileReference; lastKnownFileType = folder.assetcatalog; path = Assets.xcassets; sourceTree = "<group>"; };
		056B2FA1222CDAC6000F8CA5 /* Info.plist */ = {isa = PBXFileReference; lastKnownFileType = text.plist.xml; path = Info.plist; sourceTree = "<group>"; };
		056B2FA6222CDAC6000F8CA5 /* APIDemo WatchKit Extension.appex */ = {isa = PBXFileReference; explicitFileType = "wrapper.app-extension"; includeInIndex = 0; path = "APIDemo WatchKit Extension.appex"; sourceTree = BUILT_PRODUCTS_DIR; };
		056B2FAB222CDAC6000F8CA5 /* InterfaceController.swift */ = {isa = PBXFileReference; lastKnownFileType = sourcecode.swift; path = InterfaceController.swift; sourceTree = "<group>"; };
		056B2FAD222CDAC6000F8CA5 /* ExtensionDelegate.swift */ = {isa = PBXFileReference; lastKnownFileType = sourcecode.swift; path = ExtensionDelegate.swift; sourceTree = "<group>"; };
		056B2FAF222CDAC6000F8CA5 /* Assets.xcassets */ = {isa = PBXFileReference; lastKnownFileType = folder.assetcatalog; path = Assets.xcassets; sourceTree = "<group>"; };
		056B2FB1222CDAC6000F8CA5 /* Info.plist */ = {isa = PBXFileReference; lastKnownFileType = text.plist.xml; path = Info.plist; sourceTree = "<group>"; };
		0582B134222CF7C8008A464A /* Base */ = {isa = PBXFileReference; lastKnownFileType = file.storyboard; name = Base; path = Base.lproj/Main.storyboard; sourceTree = "<group>"; };
		2451FB6B7F95ACBA4988802C /* Pods_APIDemo_WatchKit_App.framework */ = {isa = PBXFileReference; explicitFileType = wrapper.framework; includeInIndex = 0; path = Pods_APIDemo_WatchKit_App.framework; sourceTree = BUILT_PRODUCTS_DIR; };
		31F1FF7CBE316F7AE208B02B /* Pods_APIDemo.framework */ = {isa = PBXFileReference; explicitFileType = wrapper.framework; includeInIndex = 0; path = Pods_APIDemo.framework; sourceTree = BUILT_PRODUCTS_DIR; };
		5DF0AF8FF4B2EC37EBEB8311 /* Pods-APIDemo WatchKit App.debug.xcconfig */ = {isa = PBXFileReference; includeInIndex = 1; lastKnownFileType = text.xcconfig; name = "Pods-APIDemo WatchKit App.debug.xcconfig"; path = "Target Support Files/Pods-APIDemo WatchKit App/Pods-APIDemo WatchKit App.debug.xcconfig"; sourceTree = "<group>"; };
		6D9930A793F6379F5AB88708 /* Pods-APIDemo.release.xcconfig */ = {isa = PBXFileReference; includeInIndex = 1; lastKnownFileType = text.xcconfig; name = "Pods-APIDemo.release.xcconfig"; path = "Target Support Files/Pods-APIDemo/Pods-APIDemo.release.xcconfig"; sourceTree = "<group>"; };
		9B3F5DBD22C3B0BF00032471 /* RowController.swift */ = {isa = PBXFileReference; lastKnownFileType = sourcecode.swift; path = RowController.swift; sourceTree = "<group>"; };
		9B3F5DBF22C3B1E400032471 /* Page1InterfaceController.swift */ = {isa = PBXFileReference; lastKnownFileType = sourcecode.swift; path = Page1InterfaceController.swift; sourceTree = "<group>"; };
		A5FF5DC30ED4E057097849CD /* Pods-APIDemo WatchKit Extension.release.xcconfig */ = {isa = PBXFileReference; includeInIndex = 1; lastKnownFileType = text.xcconfig; name = "Pods-APIDemo WatchKit Extension.release.xcconfig"; path = "Target Support Files/Pods-APIDemo WatchKit Extension/Pods-APIDemo WatchKit Extension.release.xcconfig"; sourceTree = "<group>"; };
		A709ECC3C3D97F9A4A616F91 /* Pods-APIDemo WatchKit Extension.debug.xcconfig */ = {isa = PBXFileReference; includeInIndex = 1; lastKnownFileType = text.xcconfig; name = "Pods-APIDemo WatchKit Extension.debug.xcconfig"; path = "Target Support Files/Pods-APIDemo WatchKit Extension/Pods-APIDemo WatchKit Extension.debug.xcconfig"; sourceTree = "<group>"; };
		D13E593EABBE85ED535B3C03 /* Pods_APIDemo_WatchKit_Extension.framework */ = {isa = PBXFileReference; explicitFileType = wrapper.framework; includeInIndex = 0; path = Pods_APIDemo_WatchKit_Extension.framework; sourceTree = BUILT_PRODUCTS_DIR; };
		E006C780B037BE2F88257D4A /* Pods-APIDemo.debug.xcconfig */ = {isa = PBXFileReference; includeInIndex = 1; lastKnownFileType = text.xcconfig; name = "Pods-APIDemo.debug.xcconfig"; path = "Target Support Files/Pods-APIDemo/Pods-APIDemo.debug.xcconfig"; sourceTree = "<group>"; };
		F8CAFC2B9CE7331D32DFD727 /* Pods-APIDemo WatchKit App.release.xcconfig */ = {isa = PBXFileReference; includeInIndex = 1; lastKnownFileType = text.xcconfig; name = "Pods-APIDemo WatchKit App.release.xcconfig"; path = "Target Support Files/Pods-APIDemo WatchKit App/Pods-APIDemo WatchKit App.release.xcconfig"; sourceTree = "<group>"; };
/* End PBXFileReference section */

/* Begin PBXFrameworksBuildPhase section */
		056B2F82222CDAC5000F8CA5 /* Frameworks */ = {
			isa = PBXFrameworksBuildPhase;
			buildActionMask = 2147483647;
			files = (
				1F12F189A34266575808861E /* Pods_APIDemo.framework in Frameworks */,
			);
			runOnlyForDeploymentPostprocessing = 0;
		};
		056B2FA3222CDAC6000F8CA5 /* Frameworks */ = {
			isa = PBXFrameworksBuildPhase;
			buildActionMask = 2147483647;
			files = (
				DA33CDBC608D164A5668A8A4 /* Pods_APIDemo_WatchKit_Extension.framework in Frameworks */,
			);
			runOnlyForDeploymentPostprocessing = 0;
		};
		13C52C0F5364CD44D0E448CD /* Frameworks */ = {
			isa = PBXFrameworksBuildPhase;
			buildActionMask = 2147483647;
			files = (
				EC9F5B15CA534826A1BD9BF2 /* Pods_APIDemo_WatchKit_App.framework in Frameworks */,
			);
			runOnlyForDeploymentPostprocessing = 0;
		};
/* End PBXFrameworksBuildPhase section */

/* Begin PBXGroup section */
		056B2F7C222CDAC5000F8CA5 = {
			isa = PBXGroup;
			children = (
				056B2F87222CDAC5000F8CA5 /* APIDemo */,
				056B2F9B222CDAC6000F8CA5 /* APIDemo WatchKit App */,
				056B2FAA222CDAC6000F8CA5 /* APIDemo WatchKit Extension */,
				056B2F86222CDAC5000F8CA5 /* Products */,
				5763483A30585DF765252F34 /* Pods */,
				3C4C3487F1FDA6A3663E0768 /* Frameworks */,
			);
			sourceTree = "<group>";
		};
		056B2F86222CDAC5000F8CA5 /* Products */ = {
			isa = PBXGroup;
			children = (
				056B2F85222CDAC5000F8CA5 /* APIDemo.app */,
				056B2F97222CDAC6000F8CA5 /* APIDemo WatchKit App.app */,
				056B2FA6222CDAC6000F8CA5 /* APIDemo WatchKit Extension.appex */,
			);
			name = Products;
			sourceTree = "<group>";
		};
		056B2F87222CDAC5000F8CA5 /* APIDemo */ = {
			isa = PBXGroup;
			children = (
				056B2F88222CDAC5000F8CA5 /* AppDelegate.swift */,
				056B2F8A222CDAC5000F8CA5 /* ViewController.swift */,
				0582B133222CF7C8008A464A /* Main.storyboard */,
				056B2F8F222CDAC5000F8CA5 /* Assets.xcassets */,
				056B2F91222CDAC5000F8CA5 /* LaunchScreen.storyboard */,
				056B2F94222CDAC5000F8CA5 /* Info.plist */,
			);
			path = APIDemo;
			sourceTree = "<group>";
		};
		056B2F9B222CDAC6000F8CA5 /* APIDemo WatchKit App */ = {
			isa = PBXGroup;
			children = (
				056B2F9C222CDAC6000F8CA5 /* Interface.storyboard */,
				056B2F9F222CDAC6000F8CA5 /* Assets.xcassets */,
				056B2FA1222CDAC6000F8CA5 /* Info.plist */,
			);
			path = "APIDemo WatchKit App";
			sourceTree = "<group>";
		};
		056B2FAA222CDAC6000F8CA5 /* APIDemo WatchKit Extension */ = {
			isa = PBXGroup;
			children = (
				056B2FAB222CDAC6000F8CA5 /* InterfaceController.swift */,
				056B2FAD222CDAC6000F8CA5 /* ExtensionDelegate.swift */,
				056B2FAF222CDAC6000F8CA5 /* Assets.xcassets */,
				056B2FB1222CDAC6000F8CA5 /* Info.plist */,
				05671A7B222CF472003E5A60 /* documents.xcassets */,
				9B3F5DBD22C3B0BF00032471 /* RowController.swift */,
				9B3F5DBF22C3B1E400032471 /* Page1InterfaceController.swift */,
			);
			path = "APIDemo WatchKit Extension";
			sourceTree = "<group>";
		};
		3C4C3487F1FDA6A3663E0768 /* Frameworks */ = {
			isa = PBXGroup;
			children = (
				31F1FF7CBE316F7AE208B02B /* Pods_APIDemo.framework */,
				2451FB6B7F95ACBA4988802C /* Pods_APIDemo_WatchKit_App.framework */,
				D13E593EABBE85ED535B3C03 /* Pods_APIDemo_WatchKit_Extension.framework */,
			);
			name = Frameworks;
			sourceTree = "<group>";
		};
		5763483A30585DF765252F34 /* Pods */ = {
			isa = PBXGroup;
			children = (
				E006C780B037BE2F88257D4A /* Pods-APIDemo.debug.xcconfig */,
				6D9930A793F6379F5AB88708 /* Pods-APIDemo.release.xcconfig */,
				5DF0AF8FF4B2EC37EBEB8311 /* Pods-APIDemo WatchKit App.debug.xcconfig */,
				F8CAFC2B9CE7331D32DFD727 /* Pods-APIDemo WatchKit App.release.xcconfig */,
				A709ECC3C3D97F9A4A616F91 /* Pods-APIDemo WatchKit Extension.debug.xcconfig */,
				A5FF5DC30ED4E057097849CD /* Pods-APIDemo WatchKit Extension.release.xcconfig */,
			);
			path = Pods;
			sourceTree = "<group>";
		};
/* End PBXGroup section */

/* Begin PBXNativeTarget section */
		056B2F84222CDAC5000F8CA5 /* APIDemo */ = {
			isa = PBXNativeTarget;
			buildConfigurationList = 056B2FBC222CDAC6000F8CA5 /* Build configuration list for PBXNativeTarget "APIDemo" */;
			buildPhases = (
				6C5E19A5AE2D49BF90732929 /* [CP] Check Pods Manifest.lock */,
				056B2F81222CDAC5000F8CA5 /* Sources */,
				056B2F82222CDAC5000F8CA5 /* Frameworks */,
				056B2F83222CDAC5000F8CA5 /* Resources */,
				056B2FBB222CDAC6000F8CA5 /* Embed Watch Content */,
				8E78F22ABDE8CDC7F9059058 /* [CP] Embed Pods Frameworks */,
			);
			buildRules = (
			);
			dependencies = (
				056B2F9A222CDAC6000F8CA5 /* PBXTargetDependency */,
			);
			name = APIDemo;
			productName = APIDemo;
			productReference = 056B2F85222CDAC5000F8CA5 /* APIDemo.app */;
			productType = "com.apple.product-type.application";
		};
		056B2F96222CDAC6000F8CA5 /* APIDemo WatchKit App */ = {
			isa = PBXNativeTarget;
			buildConfigurationList = 056B2FB8222CDAC6000F8CA5 /* Build configuration list for PBXNativeTarget "APIDemo WatchKit App" */;
			buildPhases = (
				7F4F3BAEDD18C5230B4D04C8 /* [CP] Check Pods Manifest.lock */,
				056B2F95222CDAC6000F8CA5 /* Resources */,
				056B2FB7222CDAC6000F8CA5 /* Embed App Extensions */,
				13C52C0F5364CD44D0E448CD /* Frameworks */,
			);
			buildRules = (
			);
			dependencies = (
				056B2FA9222CDAC6000F8CA5 /* PBXTargetDependency */,
			);
			name = "APIDemo WatchKit App";
			productName = "APIDemo WatchKit App";
			productReference = 056B2F97222CDAC6000F8CA5 /* APIDemo WatchKit App.app */;
			productType = "com.apple.product-type.application.watchapp2";
		};
		056B2FA5222CDAC6000F8CA5 /* APIDemo WatchKit Extension */ = {
			isa = PBXNativeTarget;
			buildConfigurationList = 056B2FB4222CDAC6000F8CA5 /* Build configuration list for PBXNativeTarget "APIDemo WatchKit Extension" */;
			buildPhases = (
				3ECDBB2D444182558634F402 /* [CP] Check Pods Manifest.lock */,
				056B2FA2222CDAC6000F8CA5 /* Sources */,
				056B2FA3222CDAC6000F8CA5 /* Frameworks */,
				056B2FA4222CDAC6000F8CA5 /* Resources */,
				1422E7E0F0C6F625B80ABFA8 /* [CP] Embed Pods Frameworks */,
			);
			buildRules = (
			);
			dependencies = (
			);
			name = "APIDemo WatchKit Extension";
			productName = "APIDemo WatchKit Extension";
			productReference = 056B2FA6222CDAC6000F8CA5 /* APIDemo WatchKit Extension.appex */;
			productType = "com.apple.product-type.watchkit2-extension";
		};
/* End PBXNativeTarget section */

/* Begin PBXProject section */
		056B2F7D222CDAC5000F8CA5 /* Project object */ = {
			isa = PBXProject;
			attributes = {
				LastSwiftUpdateCheck = 0920;
				LastUpgradeCheck = 0920;
				ORGANIZATIONNAME = Parrot;
				TargetAttributes = {
					056B2F84222CDAC5000F8CA5 = {
						CreatedOnToolsVersion = 9.2;
						ProvisioningStyle = Automatic;
					};
					056B2F96222CDAC6000F8CA5 = {
						CreatedOnToolsVersion = 9.2;
						ProvisioningStyle = Automatic;
					};
					056B2FA5222CDAC6000F8CA5 = {
						CreatedOnToolsVersion = 9.2;
						ProvisioningStyle = Automatic;
					};
				};
			};
			buildConfigurationList = 056B2F80222CDAC5000F8CA5 /* Build configuration list for PBXProject "APIDemo" */;
			compatibilityVersion = "Xcode 8.0";
			developmentRegion = en;
			hasScannedForEncodings = 0;
			knownRegions = (
				en,
				Base,
			);
			mainGroup = 056B2F7C222CDAC5000F8CA5;
			productRefGroup = 056B2F86222CDAC5000F8CA5 /* Products */;
			projectDirPath = "";
			projectRoot = "";
			targets = (
				056B2F84222CDAC5000F8CA5 /* APIDemo */,
				056B2F96222CDAC6000F8CA5 /* APIDemo WatchKit App */,
				056B2FA5222CDAC6000F8CA5 /* APIDemo WatchKit Extension */,
			);
		};
/* End PBXProject section */

/* Begin PBXResourcesBuildPhase section */
		056B2F83222CDAC5000F8CA5 /* Resources */ = {
			isa = PBXResourcesBuildPhase;
			buildActionMask = 2147483647;
			files = (
				0582B135222CF7C8008A464A /* Main.storyboard in Resources */,
				056B2F93222CDAC5000F8CA5 /* LaunchScreen.storyboard in Resources */,
				056B2F90222CDAC5000F8CA5 /* Assets.xcassets in Resources */,
			);
			runOnlyForDeploymentPostprocessing = 0;
		};
		056B2F95222CDAC6000F8CA5 /* Resources */ = {
			isa = PBXResourcesBuildPhase;
			buildActionMask = 2147483647;
			files = (
				056B2FA0222CDAC6000F8CA5 /* Assets.xcassets in Resources */,
				056B2F9E222CDAC6000F8CA5 /* Interface.storyboard in Resources */,
			);
			runOnlyForDeploymentPostprocessing = 0;
		};
		056B2FA4222CDAC6000F8CA5 /* Resources */ = {
			isa = PBXResourcesBuildPhase;
			buildActionMask = 2147483647;
			files = (
				056B2FB0222CDAC6000F8CA5 /* Assets.xcassets in Resources */,
				05671A7C222CF472003E5A60 /* documents.xcassets in Resources */,
			);
			runOnlyForDeploymentPostprocessing = 0;
		};
/* End PBXResourcesBuildPhase section */

/* Begin PBXShellScriptBuildPhase section */
		1422E7E0F0C6F625B80ABFA8 /* [CP] Embed Pods Frameworks */ = {
			isa = PBXShellScriptBuildPhase;
			buildActionMask = 2147483647;
			files = (
			);
			inputPaths = (
				"${PODS_ROOT}/Target Support Files/Pods-APIDemo WatchKit Extension/Pods-APIDemo WatchKit Extension-frameworks.sh",
				"${BUILT_PRODUCTS_DIR}/Alamofire-watchOS/Alamofire.framework",
				"${BUILT_PRODUCTS_DIR}/SwiftyJSON-watchOS/SwiftyJSON.framework",
			);
			name = "[CP] Embed Pods Frameworks";
			outputPaths = (
				"${TARGET_BUILD_DIR}/${FRAMEWORKS_FOLDER_PATH}/Alamofire.framework",
				"${TARGET_BUILD_DIR}/${FRAMEWORKS_FOLDER_PATH}/SwiftyJSON.framework",
			);
			runOnlyForDeploymentPostprocessing = 0;
			shellPath = /bin/sh;
			shellScript = "\"${PODS_ROOT}/Target Support Files/Pods-APIDemo WatchKit Extension/Pods-APIDemo WatchKit Extension-frameworks.sh\"\n";
			showEnvVarsInLog = 0;
		};
		3ECDBB2D444182558634F402 /* [CP] Check Pods Manifest.lock */ = {
			isa = PBXShellScriptBuildPhase;
			buildActionMask = 2147483647;
			files = (
			);
			inputPaths = (
				"${PODS_PODFILE_DIR_PATH}/Podfile.lock",
				"${PODS_ROOT}/Manifest.lock",
			);
			name = "[CP] Check Pods Manifest.lock";
			outputPaths = (
				"$(DERIVED_FILE_DIR)/Pods-APIDemo WatchKit Extension-checkManifestLockResult.txt",
			);
			runOnlyForDeploymentPostprocessing = 0;
			shellPath = /bin/sh;
			shellScript = "diff \"${PODS_PODFILE_DIR_PATH}/Podfile.lock\" \"${PODS_ROOT}/Manifest.lock\" > /dev/null\nif [ $? != 0 ] ; then\n    # print error to STDERR\n    echo \"error: The sandbox is not in sync with the Podfile.lock. Run 'pod install' or update your CocoaPods installation.\" >&2\n    exit 1\nfi\n# This output is used by Xcode 'outputs' to avoid re-running this script phase.\necho \"SUCCESS\" > \"${SCRIPT_OUTPUT_FILE_0}\"\n";
			showEnvVarsInLog = 0;
		};
		6C5E19A5AE2D49BF90732929 /* [CP] Check Pods Manifest.lock */ = {
			isa = PBXShellScriptBuildPhase;
			buildActionMask = 2147483647;
			files = (
			);
			inputPaths = (
				"${PODS_PODFILE_DIR_PATH}/Podfile.lock",
				"${PODS_ROOT}/Manifest.lock",
			);
			name = "[CP] Check Pods Manifest.lock";
			outputPaths = (
				"$(DERIVED_FILE_DIR)/Pods-APIDemo-checkManifestLockResult.txt",
			);
			runOnlyForDeploymentPostprocessing = 0;
			shellPath = /bin/sh;
			shellScript = "diff \"${PODS_PODFILE_DIR_PATH}/Podfile.lock\" \"${PODS_ROOT}/Manifest.lock\" > /dev/null\nif [ $? != 0 ] ; then\n    # print error to STDERR\n    echo \"error: The sandbox is not in sync with the Podfile.lock. Run 'pod install' or update your CocoaPods installation.\" >&2\n    exit 1\nfi\n# This output is used by Xcode 'outputs' to avoid re-running this script phase.\necho \"SUCCESS\" > \"${SCRIPT_OUTPUT_FILE_0}\"\n";
			showEnvVarsInLog = 0;
		};
		7F4F3BAEDD18C5230B4D04C8 /* [CP] Check Pods Manifest.lock */ = {
			isa = PBXShellScriptBuildPhase;
			buildActionMask = 2147483647;
			files = (
			);
			inputPaths = (
				"${PODS_PODFILE_DIR_PATH}/Podfile.lock",
				"${PODS_ROOT}/Manifest.lock",
			);
			name = "[CP] Check Pods Manifest.lock";
			outputPaths = (
				"$(DERIVED_FILE_DIR)/Pods-APIDemo WatchKit App-checkManifestLockResult.txt",
			);
			runOnlyForDeploymentPostprocessing = 0;
			shellPath = /bin/sh;
			shellScript = "diff \"${PODS_PODFILE_DIR_PATH}/Podfile.lock\" \"${PODS_ROOT}/Manifest.lock\" > /dev/null\nif [ $? != 0 ] ; then\n    # print error to STDERR\n    echo \"error: The sandbox is not in sync with the Podfile.lock. Run 'pod install' or update your CocoaPods installation.\" >&2\n    exit 1\nfi\n# This output is used by Xcode 'outputs' to avoid re-running this script phase.\necho \"SUCCESS\" > \"${SCRIPT_OUTPUT_FILE_0}\"\n";
			showEnvVarsInLog = 0;
		};
		8E78F22ABDE8CDC7F9059058 /* [CP] Embed Pods Frameworks */ = {
			isa = PBXShellScriptBuildPhase;
			buildActionMask = 2147483647;
			files = (
			);
			inputPaths = (
				"${PODS_ROOT}/Target Support Files/Pods-APIDemo/Pods-APIDemo-frameworks.sh",
				"${BUILT_PRODUCTS_DIR}/Alamofire-iOS/Alamofire.framework",
				"${BUILT_PRODUCTS_DIR}/SwiftyJSON-iOS/SwiftyJSON.framework",
			);
			name = "[CP] Embed Pods Frameworks";
			outputPaths = (
				"${TARGET_BUILD_DIR}/${FRAMEWORKS_FOLDER_PATH}/Alamofire.framework",
				"${TARGET_BUILD_DIR}/${FRAMEWORKS_FOLDER_PATH}/SwiftyJSON.framework",
			);
			runOnlyForDeploymentPostprocessing = 0;
			shellPath = /bin/sh;
			shellScript = "\"${PODS_ROOT}/Target Support Files/Pods-APIDemo/Pods-APIDemo-frameworks.sh\"\n";
			showEnvVarsInLog = 0;
		};
/* End PBXShellScriptBuildPhase section */

/* Begin PBXSourcesBuildPhase section */
		056B2F81222CDAC5000F8CA5 /* Sources */ = {
			isa = PBXSourcesBuildPhase;
			buildActionMask = 2147483647;
			files = (
				056B2F8B222CDAC5000F8CA5 /* ViewController.swift in Sources */,
				056B2F89222CDAC5000F8CA5 /* AppDelegate.swift in Sources */,
			);
			runOnlyForDeploymentPostprocessing = 0;
		};
		056B2FA2222CDAC6000F8CA5 /* Sources */ = {
			isa = PBXSourcesBuildPhase;
			buildActionMask = 2147483647;
			files = (
				9B3F5DC022C3B1E400032471 /* Page1InterfaceController.swift in Sources */,
				9B3F5DBE22C3B0BF00032471 /* RowController.swift in Sources */,
				056B2FAE222CDAC6000F8CA5 /* ExtensionDelegate.swift in Sources */,
				056B2FAC222CDAC6000F8CA5 /* InterfaceController.swift in Sources */,
			);
			runOnlyForDeploymentPostprocessing = 0;
		};
/* End PBXSourcesBuildPhase section */

/* Begin PBXTargetDependency section */
		056B2F9A222CDAC6000F8CA5 /* PBXTargetDependency */ = {
			isa = PBXTargetDependency;
			target = 056B2F96222CDAC6000F8CA5 /* APIDemo WatchKit App */;
			targetProxy = 056B2F99222CDAC6000F8CA5 /* PBXContainerItemProxy */;
		};
		056B2FA9222CDAC6000F8CA5 /* PBXTargetDependency */ = {
			isa = PBXTargetDependency;
			target = 056B2FA5222CDAC6000F8CA5 /* APIDemo WatchKit Extension */;
			targetProxy = 056B2FA8222CDAC6000F8CA5 /* PBXContainerItemProxy */;
		};
/* End PBXTargetDependency section */

/* Begin PBXVariantGroup section */
		056B2F91222CDAC5000F8CA5 /* LaunchScreen.storyboard */ = {
			isa = PBXVariantGroup;
			children = (
				056B2F92222CDAC5000F8CA5 /* Base */,
			);
			name = LaunchScreen.storyboard;
			sourceTree = "<group>";
		};
		056B2F9C222CDAC6000F8CA5 /* Interface.storyboard */ = {
			isa = PBXVariantGroup;
			children = (
				056B2F9D222CDAC6000F8CA5 /* Base */,
			);
			name = Interface.storyboard;
			sourceTree = "<group>";
		};
		0582B133222CF7C8008A464A /* Main.storyboard */ = {
			isa = PBXVariantGroup;
			children = (
				0582B134222CF7C8008A464A /* Base */,
			);
			name = Main.storyboard;
			sourceTree = "<group>";
		};
/* End PBXVariantGroup section */

/* Begin XCBuildConfiguration section */
		056B2FB2222CDAC6000F8CA5 /* Debug */ = {
			isa = XCBuildConfiguration;
			buildSettings = {
				ALWAYS_SEARCH_USER_PATHS = NO;
				CLANG_ANALYZER_NONNULL = YES;
				CLANG_ANALYZER_NUMBER_OBJECT_CONVERSION = YES_AGGRESSIVE;
				CLANG_CXX_LANGUAGE_STANDARD = "gnu++14";
				CLANG_CXX_LIBRARY = "libc++";
				CLANG_ENABLE_MODULES = YES;
				CLANG_ENABLE_OBJC_ARC = YES;
				CLANG_WARN_BLOCK_CAPTURE_AUTORELEASING = YES;
				CLANG_WARN_BOOL_CONVERSION = YES;
				CLANG_WARN_COMMA = YES;
				CLANG_WARN_CONSTANT_CONVERSION = YES;
				CLANG_WARN_DIRECT_OBJC_ISA_USAGE = YES_ERROR;
				CLANG_WARN_DOCUMENTATION_COMMENTS = YES;
				CLANG_WARN_EMPTY_BODY = YES;
				CLANG_WARN_ENUM_CONVERSION = YES;
				CLANG_WARN_INFINITE_RECURSION = YES;
				CLANG_WARN_INT_CONVERSION = YES;
				CLANG_WARN_NON_LITERAL_NULL_CONVERSION = YES;
				CLANG_WARN_OBJC_LITERAL_CONVERSION = YES;
				CLANG_WARN_OBJC_ROOT_CLASS = YES_ERROR;
				CLANG_WARN_RANGE_LOOP_ANALYSIS = YES;
				CLANG_WARN_STRICT_PROTOTYPES = YES;
				CLANG_WARN_SUSPICIOUS_MOVE = YES;
				CLANG_WARN_UNGUARDED_AVAILABILITY = YES_AGGRESSIVE;
				CLANG_WARN_UNREACHABLE_CODE = YES;
				CLANG_WARN__DUPLICATE_METHOD_MATCH = YES;
				CODE_SIGN_IDENTITY = "iPhone Developer";
				COPY_PHASE_STRIP = NO;
				DEBUG_INFORMATION_FORMAT = dwarf;
				ENABLE_STRICT_OBJC_MSGSEND = YES;
				ENABLE_TESTABILITY = YES;
				GCC_C_LANGUAGE_STANDARD = gnu11;
				GCC_DYNAMIC_NO_PIC = NO;
				GCC_NO_COMMON_BLOCKS = YES;
				GCC_OPTIMIZATION_LEVEL = 0;
				GCC_PREPROCESSOR_DEFINITIONS = (
					"DEBUG=1",
					"$(inherited)",
				);
				GCC_WARN_64_TO_32_BIT_CONVERSION = YES;
				GCC_WARN_ABOUT_RETURN_TYPE = YES_ERROR;
				GCC_WARN_UNDECLARED_SELECTOR = YES;
				GCC_WARN_UNINITIALIZED_AUTOS = YES_AGGRESSIVE;
				GCC_WARN_UNUSED_FUNCTION = YES;
				GCC_WARN_UNUSED_VARIABLE = YES;
				IPHONEOS_DEPLOYMENT_TARGET = 11.2;
				MTL_ENABLE_DEBUG_INFO = YES;
				ONLY_ACTIVE_ARCH = YES;
				SDKROOT = iphoneos;
				SWIFT_ACTIVE_COMPILATION_CONDITIONS = DEBUG;
				SWIFT_OPTIMIZATION_LEVEL = "-Onone";
			};
			name = Debug;
		};
		056B2FB3222CDAC6000F8CA5 /* Release */ = {
			isa = XCBuildConfiguration;
			buildSettings = {
				ALWAYS_SEARCH_USER_PATHS = NO;
				CLANG_ANALYZER_NONNULL = YES;
				CLANG_ANALYZER_NUMBER_OBJECT_CONVERSION = YES_AGGRESSIVE;
				CLANG_CXX_LANGUAGE_STANDARD = "gnu++14";
				CLANG_CXX_LIBRARY = "libc++";
				CLANG_ENABLE_MODULES = YES;
				CLANG_ENABLE_OBJC_ARC = YES;
				CLANG_WARN_BLOCK_CAPTURE_AUTORELEASING = YES;
				CLANG_WARN_BOOL_CONVERSION = YES;
				CLANG_WARN_COMMA = YES;
				CLANG_WARN_CONSTANT_CONVERSION = YES;
				CLANG_WARN_DIRECT_OBJC_ISA_USAGE = YES_ERROR;
				CLANG_WARN_DOCUMENTATION_COMMENTS = YES;
				CLANG_WARN_EMPTY_BODY = YES;
				CLANG_WARN_ENUM_CONVERSION = YES;
				CLANG_WARN_INFINITE_RECURSION = YES;
				CLANG_WARN_INT_CONVERSION = YES;
				CLANG_WARN_NON_LITERAL_NULL_CONVERSION = YES;
				CLANG_WARN_OBJC_LITERAL_CONVERSION = YES;
				CLANG_WARN_OBJC_ROOT_CLASS = YES_ERROR;
				CLANG_WARN_RANGE_LOOP_ANALYSIS = YES;
				CLANG_WARN_STRICT_PROTOTYPES = YES;
				CLANG_WARN_SUSPICIOUS_MOVE = YES;
				CLANG_WARN_UNGUARDED_AVAILABILITY = YES_AGGRESSIVE;
				CLANG_WARN_UNREACHABLE_CODE = YES;
				CLANG_WARN__DUPLICATE_METHOD_MATCH = YES;
				CODE_SIGN_IDENTITY = "iPhone Developer";
				COPY_PHASE_STRIP = NO;
				DEBUG_INFORMATION_FORMAT = "dwarf-with-dsym";
				ENABLE_NS_ASSERTIONS = NO;
				ENABLE_STRICT_OBJC_MSGSEND = YES;
				GCC_C_LANGUAGE_STANDARD = gnu11;
				GCC_NO_COMMON_BLOCKS = YES;
				GCC_WARN_64_TO_32_BIT_CONVERSION = YES;
				GCC_WARN_ABOUT_RETURN_TYPE = YES_ERROR;
				GCC_WARN_UNDECLARED_SELECTOR = YES;
				GCC_WARN_UNINITIALIZED_AUTOS = YES_AGGRESSIVE;
				GCC_WARN_UNUSED_FUNCTION = YES;
				GCC_WARN_UNUSED_VARIABLE = YES;
				IPHONEOS_DEPLOYMENT_TARGET = 11.2;
				MTL_ENABLE_DEBUG_INFO = NO;
				SDKROOT = iphoneos;
				SWIFT_OPTIMIZATION_LEVEL = "-Owholemodule";
				VALIDATE_PRODUCT = YES;
			};
			name = Release;
		};
		056B2FB5222CDAC6000F8CA5 /* Debug */ = {
			isa = XCBuildConfiguration;
			baseConfigurationReference = A709ECC3C3D97F9A4A616F91 /* Pods-APIDemo WatchKit Extension.debug.xcconfig */;
			buildSettings = {
				ASSETCATALOG_COMPILER_COMPLICATION_NAME = Complication;
				CODE_SIGN_STYLE = Automatic;
				INFOPLIST_FILE = "APIDemo WatchKit Extension/Info.plist";
				LD_RUNPATH_SEARCH_PATHS = "$(inherited) @executable_path/Frameworks @executable_path/../../Frameworks";
				PRODUCT_BUNDLE_IDENTIFIER = south.APIDemo.watchkitapp.watchkitextension;
				PRODUCT_NAME = "${TARGET_NAME}";
				SDKROOT = watchos;
				SKIP_INSTALL = YES;
				SWIFT_VERSION = 4.0;
				TARGETED_DEVICE_FAMILY = 4;
				WATCHOS_DEPLOYMENT_TARGET = 4.2;
			};
			name = Debug;
		};
		056B2FB6222CDAC6000F8CA5 /* Release */ = {
			isa = XCBuildConfiguration;
			baseConfigurationReference = A5FF5DC30ED4E057097849CD /* Pods-APIDemo WatchKit Extension.release.xcconfig */;
			buildSettings = {
				ASSETCATALOG_COMPILER_COMPLICATION_NAME = Complication;
				CODE_SIGN_STYLE = Automatic;
				INFOPLIST_FILE = "APIDemo WatchKit Extension/Info.plist";
				LD_RUNPATH_SEARCH_PATHS = "$(inherited) @executable_path/Frameworks @executable_path/../../Frameworks";
				PRODUCT_BUNDLE_IDENTIFIER = south.APIDemo.watchkitapp.watchkitextension;
				PRODUCT_NAME = "${TARGET_NAME}";
				SDKROOT = watchos;
				SKIP_INSTALL = YES;
				SWIFT_VERSION = 4.0;
				TARGETED_DEVICE_FAMILY = 4;
				WATCHOS_DEPLOYMENT_TARGET = 4.2;
			};
			name = Release;
		};
		056B2FB9222CDAC6000F8CA5 /* Debug */ = {
			isa = XCBuildConfiguration;
			baseConfigurationReference = 5DF0AF8FF4B2EC37EBEB8311 /* Pods-APIDemo WatchKit App.debug.xcconfig */;
			buildSettings = {
				ALWAYS_EMBED_SWIFT_STANDARD_LIBRARIES = YES;
				ASSETCATALOG_COMPILER_APPICON_NAME = AppIcon;
				CODE_SIGN_STYLE = Automatic;
				IBSC_MODULE = APIDemo_WatchKit_Extension;
				INFOPLIST_FILE = "APIDemo WatchKit App/Info.plist";
				PRODUCT_BUNDLE_IDENTIFIER = south.APIDemo.watchkitapp;
				PRODUCT_NAME = "$(TARGET_NAME)";
				SDKROOT = watchos;
				SKIP_INSTALL = YES;
				SWIFT_VERSION = 4.0;
				TARGETED_DEVICE_FAMILY = 4;
				WATCHOS_DEPLOYMENT_TARGET = 4.2;
			};
			name = Debug;
		};
		056B2FBA222CDAC6000F8CA5 /* Release */ = {
			isa = XCBuildConfiguration;
			baseConfigurationReference = F8CAFC2B9CE7331D32DFD727 /* Pods-APIDemo WatchKit App.release.xcconfig */;
			buildSettings = {
				ALWAYS_EMBED_SWIFT_STANDARD_LIBRARIES = YES;
				ASSETCATALOG_COMPILER_APPICON_NAME = AppIcon;
				CODE_SIGN_STYLE = Automatic;
				IBSC_MODULE = APIDemo_WatchKit_Extension;
				INFOPLIST_FILE = "APIDemo WatchKit App/Info.plist";
				PRODUCT_BUNDLE_IDENTIFIER = south.APIDemo.watchkitapp;
				PRODUCT_NAME = "$(TARGET_NAME)";
				SDKROOT = watchos;
				SKIP_INSTALL = YES;
				SWIFT_VERSION = 4.0;
				TARGETED_DEVICE_FAMILY = 4;
				WATCHOS_DEPLOYMENT_TARGET = 4.2;
			};
			name = Release;
		};
		056B2FBD222CDAC6000F8CA5 /* Debug */ = {
			isa = XCBuildConfiguration;
			baseConfigurationReference = E006C780B037BE2F88257D4A /* Pods-APIDemo.debug.xcconfig */;
			buildSettings = {
				ASSETCATALOG_COMPILER_APPICON_NAME = AppIcon;
				CODE_SIGN_STYLE = Automatic;
				DEVELOPMENT_TEAM = "";
				INFOPLIST_FILE = APIDemo/Info.plist;
				LD_RUNPATH_SEARCH_PATHS = "$(inherited) @executable_path/Frameworks";
				PRODUCT_BUNDLE_IDENTIFIER = south.APIDemo;
				PRODUCT_NAME = "$(TARGET_NAME)";
				SWIFT_VERSION = 4.0;
				TARGETED_DEVICE_FAMILY = "1,2";
			};
			name = Debug;
		};
		056B2FBE222CDAC6000F8CA5 /* Release */ = {
			isa = XCBuildConfiguration;
			baseConfigurationReference = 6D9930A793F6379F5AB88708 /* Pods-APIDemo.release.xcconfig */;
			buildSettings = {
				ASSETCATALOG_COMPILER_APPICON_NAME = AppIcon;
				CODE_SIGN_STYLE = Automatic;
				DEVELOPMENT_TEAM = "";
				INFOPLIST_FILE = APIDemo/Info.plist;
				LD_RUNPATH_SEARCH_PATHS = "$(inherited) @executable_path/Frameworks";
				PRODUCT_BUNDLE_IDENTIFIER = south.APIDemo;
				PRODUCT_NAME = "$(TARGET_NAME)";
				SWIFT_VERSION = 4.0;
				TARGETED_DEVICE_FAMILY = "1,2";
			};
			name = Release;
		};
/* End XCBuildConfiguration section */

/* Begin XCConfigurationList section */
		056B2F80222CDAC5000F8CA5 /* Build configuration list for PBXProject "APIDemo" */ = {
			isa = XCConfigurationList;
			buildConfigurations = (
				056B2FB2222CDAC6000F8CA5 /* Debug */,
				056B2FB3222CDAC6000F8CA5 /* Release */,
			);
			defaultConfigurationIsVisible = 0;
			defaultConfigurationName = Release;
		};
		056B2FB4222CDAC6000F8CA5 /* Build configuration list for PBXNativeTarget "APIDemo WatchKit Extension" */ = {
			isa = XCConfigurationList;
			buildConfigurations = (
				056B2FB5222CDAC6000F8CA5 /* Debug */,
				056B2FB6222CDAC6000F8CA5 /* Release */,
			);
			defaultConfigurationIsVisible = 0;
			defaultConfigurationName = Release;
		};
		056B2FB8222CDAC6000F8CA5 /* Build configuration list for PBXNativeTarget "APIDemo WatchKit App" */ = {
			isa = XCConfigurationList;
			buildConfigurations = (
				056B2FB9222CDAC6000F8CA5 /* Debug */,
				056B2FBA222CDAC6000F8CA5 /* Release */,
			);
			defaultConfigurationIsVisible = 0;
			defaultConfigurationName = Release;
		};
		056B2FBC222CDAC6000F8CA5 /* Build configuration list for PBXNativeTarget "APIDemo" */ = {
			isa = XCConfigurationList;
			buildConfigurations = (
				056B2FBD222CDAC6000F8CA5 /* Debug */,
				056B2FBE222CDAC6000F8CA5 /* Release */,
			);
			defaultConfigurationIsVisible = 0;
			defaultConfigurationName = Release;
		};
/* End XCConfigurationList section */
	};
	rootObject = 056B2F7D222CDAC5000F8CA5 /* Project object */;
}
